github.com/davecgh/go-spew v1.1.0/go.mod h1:J7Y8YcW2NihsgmVo/mv3lAwl/skON4iLHjSsI+c5H38=
github.com/davecgh/go-spew v1.1.1 h1:vj9j/u1bqnvCEfJOwUhtlOARqs3+rkHYY13jYWTU97c=
github.com/davecgh/go-spew v1.1.1/go.mod h1:J7Y8YcW2NihsgmVo/mv3lAwl/skON4iLHjSsI+c5H38=
github.com/davecgh/go-spew v1.1.2-0.20180830191138-d8f796af33cc/go.mod h1:J7Y8YcW2NihsgmVo/mv3lAwl/skON4iLHjSsI+c5H38=
github.com/ddkwork/golibrary v0.0.32 h1:9kAtF9waf0UUc7sJZFzzWqP5gqYt34THJriJgq+hxWk=
github.com/ddkwork/golibrary v0.0.32/go.mod h1:ZX3tnJ9D5eWJAZYONxEic/fIrISMyIiuOKiT8NidzTM=
github.com/ddkwork/golibrary v0.0.33 h1:0gI5u+BMCkhE0HPJi+4LfIQgOkqzQlgj2d6DBQ54AF4=
github.com/ddkwork/golibrary v0.0.33/go.mod h1:ZX3tnJ9D5eWJAZYONxEic/fIrISMyIiuOKiT8NidzTM=
github.com/ddkwork/golibrary v0.0.34 h1:Q6VKVk+RzztW/q079wcDp1/4l0gnCBIvPoZilZyxc10=
github.com/ddkwork/golibrary v0.0.34/go.mod h1:ZX3tnJ9D5eWJAZYONxEic/fIrISMyIiuOKiT8NidzTM=
github.com/ddkwork/golibrary v0.0.36 h1:TX4LSxNDgglmrWxFeYeOOZLzY/D7lMM9TcTCIcTNBoI=
github.com/ddkwork/golibrary v0.0.36/go.mod h1:ZX3tnJ9D5eWJAZYONxEic/fIrISMyIiuOKiT8NidzTM=
github.com/ddkwork/golibrary v0.0.37 h1:L0QNCA+EsyipXX1jPvwJqf38t2MxxiYyrflQ0BL7pG4=
github.com/ddkwork/golibrary v0.0.37/go.mod h1:ZX3tnJ9D5eWJAZYONxEic/fIrISMyIiuOKiT8NidzTM=
github.com/ddkwork/golibrary v0.0.38 h1:+JUyFyH52J1FsaX9oiHiI2NQP84A8+MKAGpTrYst+mk=
github.com/ddkwork/golibrary v0.0.38/go.mod h1:ZX3tnJ9D5eWJAZYONxEic/fIrISMyIiuOKiT8NidzTM=
github.com/ddkwork/golibrary v0.0.39 h1:ZGOF3XtZA7bUzt8Dov02jnKZgipkG/Qe6sGoCpNDRVo=
github.com/ddkwork/golibrary v0.0.39/go.mod h1:ZX3tnJ9D5eWJAZYONxEic/fIrISMyIiuOKiT8NidzTM=
github.com/ddkwork/golibrary v0.0.40 h1:2vjs3JOP3dDeTlD6aSx0gdgI2Bi0mB9uOa9LkGz/7Pw=
github.com/ddkwork/golibrary v0.0.40/go.mod h1:ZX3tnJ9D5eWJAZYONxEic/fIrISMyIiuOKiT8NidzTM=
github.com/ddkwork/golibrary v0.0.42 h1:37/QVbltF57CUuBthZXmKTfccbt51pBLlB4kXfdPUeQ=
github.com/ddkwork/golibrary v0.0.42/go.mod h1:ZX3tnJ9D5eWJAZYONxEic/fIrISMyIiuOKiT8NidzTM=
github.com/ddkwork/golibrary v0.0.43 h1:90jcs/39Vemhfi0VfF6T7MXt5RFQkX7VT9cQy5fu5FQ=
github.com/ddkwork/golibrary v0.0.43/go.mod h1:ZX3tnJ9D5eWJAZYONxEic/fIrISMyIiuOKiT8NidzTM=
github.com/ddkwork/golibrary v0.0.45 h1:fn/fOFbTtAD2brOobJlohDO6nxPWkwNUTO+cZhgu+nI=
github.com/ddkwork/golibrary v0.0.45/go.mod h1:ZX3tnJ9D5eWJAZYONxEic/fIrISMyIiuOKiT8NidzTM=
github.com/ddkwork/golibrary v0.0.46 h1:m3uL4v+DOrTMtNCPDC0y76f/LUDygb3v7CMQSjzSgcY=
github.com/ddkwork/golibrary v0.0.46/go.mod h1:ZX3tnJ9D5eWJAZYONxEic/fIrISMyIiuOKiT8NidzTM=
github.com/ddkwork/golibrary v0.0.47 h1:sRQCpE51gRCaifYLkg1ctlyo+zWVSk1LF/JmSokHNIw=
github.com/ddkwork/golibrary v0.0.47/go.mod h1:f5jZd249HgqcWzNOpDSY9DguI1bdwSJjuX7k9pLTf8E=
github.com/ddkwork/golibrary v0.0.49 h1:vWx/XGFlqj3Pgnz/DLdEMAJO1smlew5UsNR5nMkHVoQ=
github.com/ddkwork/golibrary v0.0.49/go.mod h1:f5jZd249HgqcWzNOpDSY9DguI1bdwSJjuX7k9pLTf8E=
github.com/ddkwork/golibrary v0.0.53 h1:44fy3bLH2Tm9g62mDM4MMcj4ve3d6UjBxY6dEnL3qDo=
github.com/ddkwork/golibrary v0.0.53/go.mod h1:f5jZd249HgqcWzNOpDSY9DguI1bdwSJjuX7k9pLTf8E=
github.com/ddkwork/golibrary v0.0.58 h1:v8bXgseiE69BU8ljCvxBE6SGHaBExIih1PYPucmBMUY=
github.com/ddkwork/golibrary v0.0.58/go.mod h1:wnz6yMtdcIDWr30n2pVWgbZip5KU3O1DI0WgcQpfFg4=
github.com/ddkwork/golibrary v0.0.59 h1:ehRi4IkOkuZknhjD7/3dZvJSvAg8ubcPdCZ5Kuko+eg=
github.com/ddkwork/golibrary v0.0.59/go.mod h1:bMFBej7hF+v0iRPFfJIAJ+QvFjD9OzW5F0LO14SwSgM=
github.com/ddkwork/golibrary v0.0.61 h1:Es77O5/vrMO6MnFPqLDucdWfexXhT8mgBzeBIY+tlSw=
github.com/ddkwork/golibrary v0.0.61/go.mod h1:bMFBej7hF+v0iRPFfJIAJ+QvFjD9OzW5F0LO14SwSgM=
github.com/ddkwork/golibrary v0.0.62 h1:1FykFpwByIEtR6l7tm7sa2MmZDjuoMEcZwY3tB1JADw=
github.com/ddkwork/golibrary v0.0.62/go.mod h1:aLG0o5decT3ocB5SWY94n55ynRpVcL8OInSo2p0o5UA=
github.com/ddkwork/golibrary v0.0.65 h1:/WyTQzoVywAlCbNQgVhnoPXQ91NS6KclXvUBLc1ZDlQ=
github.com/ddkwork/golibrary v0.0.65/go.mod h1:/55gYXaVeq2QkSTCaBk3sL0yzbg+DDPr9u3AvyFJblU=
github.com/ddkwork/golibrary v0.0.66 h1:8tsV0lUHZ0sfoqFTl6fF43GL4Kt+ttB0vyLc7LVbrEg=
github.com/ddkwork/golibrary v0.0.66/go.mod h1:/55gYXaVeq2QkSTCaBk3sL0yzbg+DDPr9u3AvyFJblU=
github.com/ddkwork/golibrary v0.0.69 h1:rNev68wjOxcivzZLq96Ct9oWtxP1I++0wKnWOZKIQqs=
github.com/ddkwork/golibrary v0.0.69/go.mod h1:/55gYXaVeq2QkSTCaBk3sL0yzbg+DDPr9u3AvyFJblU=
github.com/ddkwork/golibrary v0.0.71 h1:pL0xpTnWxjBd2H2nqe8YJAQmuGCVyKxn7SMlzmvadsE=
github.com/ddkwork/golibrary v0.0.71/go.mod h1:/55gYXaVeq2QkSTCaBk3sL0yzbg+DDPr9u3AvyFJblU=
github.com/ddkwork/golibrary v0.0.83 h1:/13WdcrIM9paJXmg8fpxFceuhzoHBpsbCr0IAuZuQoQ=
github.com/ddkwork/golibrary v0.0.83/go.mod h1:/55gYXaVeq2QkSTCaBk3sL0yzbg+DDPr9u3AvyFJblU=
github.com/dlclark/regexp2 v1.7.0 h1:7lJfhqlPssTb1WQx4yvTHN0uElPEv52sbaECrAQxjAo=
github.com/dlclark/regexp2 v1.7.0/go.mod h1:DHkYz0B9wPfa6wondMfaivmHpzrQ3v9q8cnmRbL6yW8=
github.com/dlclark/regexp2 v1.11.0/go.mod h1:DHkYz0B9wPfa6wondMfaivmHpzrQ3v9q8cnmRbL6yW8=
github.com/pmezard/go-difflib v1.0.0 h1:4DBwDE0NGyQoBHbLQYPwSUPoCMWR5BEzIk/f1lZbAQM=
github.com/pmezard/go-difflib v1.0.0/go.mod h1:iKH77koFhYxTK1pcRnkKkqfTogsbg7gZNVY4sRDYZ/4=
github.com/pmezard/go-difflib v1.0.1-0.20181226105442-5d4384ee4fb2/go.mod h1:iKH77koFhYxTK1pcRnkKkqfTogsbg7gZNVY4sRDYZ/4=
github.com/stretchr/objx v0.1.0/go.mod h1:HFkY916IF+rwdDfMAkV7OtwuqBVzrE8GR6GFx+wExME=
github.com/stretchr/objx v0.4.0/go.mod h1:YvHI0jy2hoMjB+UWwv71VJQ9isScKT/TqJzVSSt89Yw=
github.com/stretchr/objx v0.5.0/go.mod h1:Yh+to48EsGEfYuaHDzXPcE3xhTkx73EhmCGUpEOglKo=
github.com/stretchr/testify v1.7.1/go.mod h1:6Fq8oRcR53rry900zMqJjRRixrwX3KX962/h/Wwjteg=
github.com/stretchr/testify v1.8.0/go.mod h1:yNjHg4UonilssWZ8iaSj1OCr/vHnekPRkoO+kdMU+MU=
github.com/stretchr/testify v1.8.1 h1:w7B6lhMri9wdJUVmEZPGGhZzrYTPvgJArz7wNPgYKsk=
github.com/stretchr/testify v1.8.1/go.mod h1:w2LPCIKwWwSfY2zedu0+kehJoqGctiVI29o6fzry7u4=
github.com/stretchr/testify v1.9.0/go.mod h1:r2ic/lqez/lEtzL7wO/rwa5dbSLXVDPFyf8C91i36aY=
gopkg.in/check.v1 v0.0.0-20161208181325-20d25e280405 h1:yhCVgyC4o1eVCa2tZl7eS0r+SDo693bJlVdllGtEeKM=
gopkg.in/check.v1 v0.0.0-20161208181325-20d25e280405/go.mod h1:Co6ibVJAznAaIkqp8huTwlJQCZ016jof/cbN4VW5Yz0=
gopkg.in/yaml.v3 v3.0.0-20200313102051-9f266ea9e77c/go.mod h1:K4uyk7z7BCEPqu6E+C64Yfv1cQ7kz7rIZviUmN+EgEM=
gopkg.in/yaml.v3 v3.0.1 h1:fxVm/GzAzEWqLHuvctI91KS9hhNmmWOoWu0XTYJS7CA=
gopkg.in/yaml.v3 v3.0.1/go.mod h1:K4uyk7z7BCEPqu6E+C64Yfv1cQ7kz7rIZviUmN+EgEM=
